
Microsoft Visual Studio Solution File, Format Version 12.00
# Visual Studio 14
VisualStudioVersion = 14.0.25420.1
MinimumVisualStudioVersion = 10.0.40219.1
Project("{FAE04EC0-301F-11D3-BF4B-00C04F79EFBC}") = "BoilerPlate", "BoilerPlate\BoilerPlate\BoilerPlate.csproj", "{87A11671-7399-4E8C-93EC-395C1E7DFFB5}"
EndProject
Project("{FAE04EC0-301F-11D3-BF4B-00C04F79EFBC}") = "BoilerPlate.Droid", "BoilerPlate\BoilerPlate.Droid\BoilerPlate.Droid.csproj", "{77C1A6F4-383B-4EC5-B2E9-1230EAABE1E7}"
EndProject
Project("{FAE04EC0-301F-11D3-BF4B-00C04F79EFBC}") = "BoilerPlate.iOS", "BoilerPlate\BoilerPlate.iOS\BoilerPlate.iOS.csproj", "{D322A2DF-BCB6-4F3A-90D3-8E7B9AA50FCB}"
EndProject
Project("{FAE04EC0-301F-11D3-BF4B-00C04F79EFBC}") = "BoilerPlate.WinPhone", "BoilerPlate\BoilerPlate.WinPhone\BoilerPlate.WinPhone.csproj", "{48C19D9E-85F3-4680-A7F2-A6B50ED4ADED}"
EndProject
Project("{FAE04EC0-301F-11D3-BF4B-00C04F79EFBC}") = "BoilerPlate.Unit.Tests", "BoilerPlate.Unit.Tests\BoilerPlate.Unit.Tests.csproj", "{4B5A146F-D48E-44AF-8406-D2B5C649B570}"
EndProject
Global
	GlobalSection(SolutionConfigurationPlatforms) = preSolution
		Ad-Hoc|Any CPU = Ad-Hoc|Any CPU
		Ad-Hoc|ARM = Ad-Hoc|ARM
		Ad-Hoc|iPhone = Ad-Hoc|iPhone
		Ad-Hoc|iPhoneSimulator = Ad-Hoc|iPhoneSimulator
		Ad-Hoc|x64 = Ad-Hoc|x64
		Ad-Hoc|x86 = Ad-Hoc|x86
		AppStore|Any CPU = AppStore|Any CPU
		AppStore|ARM = AppStore|ARM
		AppStore|iPhone = AppStore|iPhone
		AppStore|iPhoneSimulator = AppStore|iPhoneSimulator
		AppStore|x64 = AppStore|x64
		AppStore|x86 = AppStore|x86
		Debug|Any CPU = Debug|Any CPU
		Debug|ARM = Debug|ARM
		Debug|iPhone = Debug|iPhone
		Debug|iPhoneSimulator = Debug|iPhoneSimulator
		Debug|x64 = Debug|x64
		Debug|x86 = Debug|x86
		Release|Any CPU = Release|Any CPU
		Release|ARM = Release|ARM
		Release|iPhone = Release|iPhone
		Release|iPhoneSimulator = Release|iPhoneSimulator
		Release|x64 = Release|x64
		Release|x86 = Release|x86
	EndGlobalSection
	GlobalSection(ProjectConfigurationPlatforms) = postSolution
		{87A11671-7399-4E8C-93EC-395C1E7DFFB5}.Ad-Hoc|Any CPU.ActiveCfg = Release|Any CPU
		{87A11671-7399-4E8C-93EC-395C1E7DFFB5}.Ad-Hoc|Any CPU.Build.0 = Release|Any CPU
		{87A11671-7399-4E8C-93EC-395C1E7DFFB5}.Ad-Hoc|ARM.ActiveCfg = Release|Any CPU
		{87A11671-7399-4E8C-93EC-395C1E7DFFB5}.Ad-Hoc|ARM.Build.0 = Release|Any CPU
		{87A11671-7399-4E8C-93EC-395C1E7DFFB5}.Ad-Hoc|iPhone.ActiveCfg = Release|Any CPU
		{87A11671-7399-4E8C-93EC-395C1E7DFFB5}.Ad-Hoc|iPhone.Build.0 = Release|Any CPU
		{87A11671-7399-4E8C-93EC-395C1E7DFFB5}.Ad-Hoc|iPhoneSimulator.ActiveCfg = Release|Any CPU
		{87A11671-7399-4E8C-93EC-395C1E7DFFB5}.Ad-Hoc|iPhoneSimulator.Build.0 = Release|Any CPU
		{87A11671-7399-4E8C-93EC-395C1E7DFFB5}.Ad-Hoc|x64.ActiveCfg = Release|Any CPU
		{87A11671-7399-4E8C-93EC-395C1E7DFFB5}.Ad-Hoc|x64.Build.0 = Release|Any CPU
		{87A11671-7399-4E8C-93EC-395C1E7DFFB5}.Ad-Hoc|x86.ActiveCfg = Release|Any CPU
		{87A11671-7399-4E8C-93EC-395C1E7DFFB5}.Ad-Hoc|x86.Build.0 = Release|Any CPU
		{87A11671-7399-4E8C-93EC-395C1E7DFFB5}.AppStore|Any CPU.ActiveCfg = Release|Any CPU
		{87A11671-7399-4E8C-93EC-395C1E7DFFB5}.AppStore|Any CPU.Build.0 = Release|Any CPU
		{87A11671-7399-4E8C-93EC-395C1E7DFFB5}.AppStore|ARM.ActiveCfg = Release|Any CPU
		{87A11671-7399-4E8C-93EC-395C1E7DFFB5}.AppStore|ARM.Build.0 = Release|Any CPU
		{87A11671-7399-4E8C-93EC-395C1E7DFFB5}.AppStore|iPhone.ActiveCfg = Release|Any CPU
		{87A11671-7399-4E8C-93EC-395C1E7DFFB5}.AppStore|iPhone.Build.0 = Release|Any CPU
		{87A11671-7399-4E8C-93EC-395C1E7DFFB5}.AppStore|iPhoneSimulator.ActiveCfg = Release|Any CPU
		{87A11671-7399-4E8C-93EC-395C1E7DFFB5}.AppStore|iPhoneSimulator.Build.0 = Release|Any CPU
		{87A11671-7399-4E8C-93EC-395C1E7DFFB5}.AppStore|x64.ActiveCfg = Release|Any CPU
		{87A11671-7399-4E8C-93EC-395C1E7DFFB5}.AppStore|x64.Build.0 = Release|Any CPU
		{87A11671-7399-4E8C-93EC-395C1E7DFFB5}.AppStore|x86.ActiveCfg = Release|Any CPU
		{87A11671-7399-4E8C-93EC-395C1E7DFFB5}.AppStore|x86.Build.0 = Release|Any CPU
		{87A11671-7399-4E8C-93EC-395C1E7DFFB5}.Debug|Any CPU.ActiveCfg = Debug|Any CPU
		{87A11671-7399-4E8C-93EC-395C1E7DFFB5}.Debug|Any CPU.Build.0 = Debug|Any CPU
		{87A11671-7399-4E8C-93EC-395C1E7DFFB5}.Debug|ARM.ActiveCfg = Debug|Any CPU
		{87A11671-7399-4E8C-93EC-395C1E7DFFB5}.Debug|ARM.Build.0 = Debug|Any CPU
		{87A11671-7399-4E8C-93EC-395C1E7DFFB5}.Debug|iPhone.ActiveCfg = Debug|Any CPU
		{87A11671-7399-4E8C-93EC-395C1E7DFFB5}.Debug|iPhone.Build.0 = Debug|Any CPU
		{87A11671-7399-4E8C-93EC-395C1E7DFFB5}.Debug|iPhoneSimulator.ActiveCfg = Debug|Any CPU
		{87A11671-7399-4E8C-93EC-395C1E7DFFB5}.Debug|iPhoneSimulator.Build.0 = Debug|Any CPU
		{87A11671-7399-4E8C-93EC-395C1E7DFFB5}.Debug|x64.ActiveCfg = Debug|Any CPU
		{87A11671-7399-4E8C-93EC-395C1E7DFFB5}.Debug|x64.Build.0 = Debug|Any CPU
		{87A11671-7399-4E8C-93EC-395C1E7DFFB5}.Debug|x86.ActiveCfg = Debug|Any CPU
		{87A11671-7399-4E8C-93EC-395C1E7DFFB5}.Debug|x86.Build.0 = Debug|Any CPU
		{87A11671-7399-4E8C-93EC-395C1E7DFFB5}.Release|Any CPU.ActiveCfg = Release|Any CPU
		{87A11671-7399-4E8C-93EC-395C1E7DFFB5}.Release|Any CPU.Build.0 = Release|Any CPU
		{87A11671-7399-4E8C-93EC-395C1E7DFFB5}.Release|ARM.ActiveCfg = Release|Any CPU
		{87A11671-7399-4E8C-93EC-395C1E7DFFB5}.Release|ARM.Build.0 = Release|Any CPU
		{87A11671-7399-4E8C-93EC-395C1E7DFFB5}.Release|iPhone.ActiveCfg = Release|Any CPU
		{87A11671-7399-4E8C-93EC-395C1E7DFFB5}.Release|iPhone.Build.0 = Release|Any CPU
		{87A11671-7399-4E8C-93EC-395C1E7DFFB5}.Release|iPhoneSimulator.ActiveCfg = Release|Any CPU
		{87A11671-7399-4E8C-93EC-395C1E7DFFB5}.Release|iPhoneSimulator.Build.0 = Release|Any CPU
		{87A11671-7399-4E8C-93EC-395C1E7DFFB5}.Release|x64.ActiveCfg = Release|Any CPU
		{87A11671-7399-4E8C-93EC-395C1E7DFFB5}.Release|x64.Build.0 = Release|Any CPU
		{87A11671-7399-4E8C-93EC-395C1E7DFFB5}.Release|x86.ActiveCfg = Release|Any CPU
		{87A11671-7399-4E8C-93EC-395C1E7DFFB5}.Release|x86.Build.0 = Release|Any CPU
		{77C1A6F4-383B-4EC5-B2E9-1230EAABE1E7}.Ad-Hoc|Any CPU.ActiveCfg = Release|Any CPU
		{77C1A6F4-383B-4EC5-B2E9-1230EAABE1E7}.Ad-Hoc|Any CPU.Build.0 = Release|Any CPU
		{77C1A6F4-383B-4EC5-B2E9-1230EAABE1E7}.Ad-Hoc|Any CPU.Deploy.0 = Release|Any CPU
		{77C1A6F4-383B-4EC5-B2E9-1230EAABE1E7}.Ad-Hoc|ARM.ActiveCfg = Release|Any CPU
		{77C1A6F4-383B-4EC5-B2E9-1230EAABE1E7}.Ad-Hoc|ARM.Build.0 = Release|Any CPU
		{77C1A6F4-383B-4EC5-B2E9-1230EAABE1E7}.Ad-Hoc|ARM.Deploy.0 = Release|Any CPU
		{77C1A6F4-383B-4EC5-B2E9-1230EAABE1E7}.Ad-Hoc|iPhone.ActiveCfg = Release|Any CPU
		{77C1A6F4-383B-4EC5-B2E9-1230EAABE1E7}.Ad-Hoc|iPhone.Build.0 = Release|Any CPU
		{77C1A6F4-383B-4EC5-B2E9-1230EAABE1E7}.Ad-Hoc|iPhone.Deploy.0 = Release|Any CPU
		{77C1A6F4-383B-4EC5-B2E9-1230EAABE1E7}.Ad-Hoc|iPhoneSimulator.ActiveCfg = Release|Any CPU
		{77C1A6F4-383B-4EC5-B2E9-1230EAABE1E7}.Ad-Hoc|iPhoneSimulator.Build.0 = Release|Any CPU
		{77C1A6F4-383B-4EC5-B2E9-1230EAABE1E7}.Ad-Hoc|iPhoneSimulator.Deploy.0 = Release|Any CPU
		{77C1A6F4-383B-4EC5-B2E9-1230EAABE1E7}.Ad-Hoc|x64.ActiveCfg = Release|Any CPU
		{77C1A6F4-383B-4EC5-B2E9-1230EAABE1E7}.Ad-Hoc|x64.Build.0 = Release|Any CPU
		{77C1A6F4-383B-4EC5-B2E9-1230EAABE1E7}.Ad-Hoc|x64.Deploy.0 = Release|Any CPU
		{77C1A6F4-383B-4EC5-B2E9-1230EAABE1E7}.Ad-Hoc|x86.ActiveCfg = Release|Any CPU
		{77C1A6F4-383B-4EC5-B2E9-1230EAABE1E7}.Ad-Hoc|x86.Build.0 = Release|Any CPU
		{77C1A6F4-383B-4EC5-B2E9-1230EAABE1E7}.Ad-Hoc|x86.Deploy.0 = Release|Any CPU
		{77C1A6F4-383B-4EC5-B2E9-1230EAABE1E7}.AppStore|Any CPU.ActiveCfg = Release|Any CPU
		{77C1A6F4-383B-4EC5-B2E9-1230EAABE1E7}.AppStore|Any CPU.Build.0 = Release|Any CPU
		{77C1A6F4-383B-4EC5-B2E9-1230EAABE1E7}.AppStore|Any CPU.Deploy.0 = Release|Any CPU
		{77C1A6F4-383B-4EC5-B2E9-1230EAABE1E7}.AppStore|ARM.ActiveCfg = Release|Any CPU
		{77C1A6F4-383B-4EC5-B2E9-1230EAABE1E7}.AppStore|ARM.Build.0 = Release|Any CPU
		{77C1A6F4-383B-4EC5-B2E9-1230EAABE1E7}.AppStore|ARM.Deploy.0 = Release|Any CPU
		{77C1A6F4-383B-4EC5-B2E9-1230EAABE1E7}.AppStore|iPhone.ActiveCfg = Release|Any CPU
		{77C1A6F4-383B-4EC5-B2E9-1230EAABE1E7}.AppStore|iPhone.Build.0 = Release|Any CPU
		{77C1A6F4-383B-4EC5-B2E9-1230EAABE1E7}.AppStore|iPhone.Deploy.0 = Release|Any CPU
		{77C1A6F4-383B-4EC5-B2E9-1230EAABE1E7}.AppStore|iPhoneSimulator.ActiveCfg = Release|Any CPU
		{77C1A6F4-383B-4EC5-B2E9-1230EAABE1E7}.AppStore|iPhoneSimulator.Build.0 = Release|Any CPU
		{77C1A6F4-383B-4EC5-B2E9-1230EAABE1E7}.AppStore|iPhoneSimulator.Deploy.0 = Release|Any CPU
		{77C1A6F4-383B-4EC5-B2E9-1230EAABE1E7}.AppStore|x64.ActiveCfg = Release|Any CPU
		{77C1A6F4-383B-4EC5-B2E9-1230EAABE1E7}.AppStore|x64.Build.0 = Release|Any CPU
		{77C1A6F4-383B-4EC5-B2E9-1230EAABE1E7}.AppStore|x64.Deploy.0 = Release|Any CPU
		{77C1A6F4-383B-4EC5-B2E9-1230EAABE1E7}.AppStore|x86.ActiveCfg = Release|Any CPU
		{77C1A6F4-383B-4EC5-B2E9-1230EAABE1E7}.AppStore|x86.Build.0 = Release|Any CPU
		{77C1A6F4-383B-4EC5-B2E9-1230EAABE1E7}.AppStore|x86.Deploy.0 = Release|Any CPU
		{77C1A6F4-383B-4EC5-B2E9-1230EAABE1E7}.Debug|Any CPU.ActiveCfg = Debug|Any CPU
		{77C1A6F4-383B-4EC5-B2E9-1230EAABE1E7}.Debug|Any CPU.Build.0 = Debug|Any CPU
		{77C1A6F4-383B-4EC5-B2E9-1230EAABE1E7}.Debug|Any CPU.Deploy.0 = Debug|Any CPU
		{77C1A6F4-383B-4EC5-B2E9-1230EAABE1E7}.Debug|ARM.ActiveCfg = Debug|Any CPU
		{77C1A6F4-383B-4EC5-B2E9-1230EAABE1E7}.Debug|ARM.Build.0 = Debug|Any CPU
		{77C1A6F4-383B-4EC5-B2E9-1230EAABE1E7}.Debug|ARM.Deploy.0 = Debug|Any CPU
		{77C1A6F4-383B-4EC5-B2E9-1230EAABE1E7}.Debug|iPhone.ActiveCfg = Debug|Any CPU
		{77C1A6F4-383B-4EC5-B2E9-1230EAABE1E7}.Debug|iPhone.Build.0 = Debug|Any CPU
		{77C1A6F4-383B-4EC5-B2E9-1230EAABE1E7}.Debug|iPhone.Deploy.0 = Debug|Any CPU
		{77C1A6F4-383B-4EC5-B2E9-1230EAABE1E7}.Debug|iPhoneSimulator.ActiveCfg = Debug|Any CPU
		{77C1A6F4-383B-4EC5-B2E9-1230EAABE1E7}.Debug|iPhoneSimulator.Build.0 = Debug|Any CPU
		{77C1A6F4-383B-4EC5-B2E9-1230EAABE1E7}.Debug|iPhoneSimulator.Deploy.0 = Debug|Any CPU
		{77C1A6F4-383B-4EC5-B2E9-1230EAABE1E7}.Debug|x64.ActiveCfg = Debug|Any CPU
		{77C1A6F4-383B-4EC5-B2E9-1230EAABE1E7}.Debug|x64.Build.0 = Debug|Any CPU
		{77C1A6F4-383B-4EC5-B2E9-1230EAABE1E7}.Debug|x64.Deploy.0 = Debug|Any CPU
		{77C1A6F4-383B-4EC5-B2E9-1230EAABE1E7}.Debug|x86.ActiveCfg = Debug|Any CPU
		{77C1A6F4-383B-4EC5-B2E9-1230EAABE1E7}.Debug|x86.Build.0 = Debug|Any CPU
		{77C1A6F4-383B-4EC5-B2E9-1230EAABE1E7}.Debug|x86.Deploy.0 = Debug|Any CPU
		{77C1A6F4-383B-4EC5-B2E9-1230EAABE1E7}.Release|Any CPU.ActiveCfg = Release|Any CPU
		{77C1A6F4-383B-4EC5-B2E9-1230EAABE1E7}.Release|Any CPU.Build.0 = Release|Any CPU
		{77C1A6F4-383B-4EC5-B2E9-1230EAABE1E7}.Release|Any CPU.Deploy.0 = Release|Any CPU
		{77C1A6F4-383B-4EC5-B2E9-1230EAABE1E7}.Release|ARM.ActiveCfg = Release|Any CPU
		{77C1A6F4-383B-4EC5-B2E9-1230EAABE1E7}.Release|ARM.Build.0 = Release|Any CPU
		{77C1A6F4-383B-4EC5-B2E9-1230EAABE1E7}.Release|ARM.Deploy.0 = Release|Any CPU
		{77C1A6F4-383B-4EC5-B2E9-1230EAABE1E7}.Release|iPhone.ActiveCfg = Release|Any CPU
		{77C1A6F4-383B-4EC5-B2E9-1230EAABE1E7}.Release|iPhone.Build.0 = Release|Any CPU
		{77C1A6F4-383B-4EC5-B2E9-1230EAABE1E7}.Release|iPhone.Deploy.0 = Release|Any CPU
		{77C1A6F4-383B-4EC5-B2E9-1230EAABE1E7}.Release|iPhoneSimulator.ActiveCfg = Release|Any CPU
		{77C1A6F4-383B-4EC5-B2E9-1230EAABE1E7}.Release|iPhoneSimulator.Build.0 = Release|Any CPU
		{77C1A6F4-383B-4EC5-B2E9-1230EAABE1E7}.Release|iPhoneSimulator.Deploy.0 = Release|Any CPU
		{77C1A6F4-383B-4EC5-B2E9-1230EAABE1E7}.Release|x64.ActiveCfg = Release|Any CPU
		{77C1A6F4-383B-4EC5-B2E9-1230EAABE1E7}.Release|x64.Build.0 = Release|Any CPU
		{77C1A6F4-383B-4EC5-B2E9-1230EAABE1E7}.Release|x64.Deploy.0 = Release|Any CPU
		{77C1A6F4-383B-4EC5-B2E9-1230EAABE1E7}.Release|x86.ActiveCfg = Release|Any CPU
		{77C1A6F4-383B-4EC5-B2E9-1230EAABE1E7}.Release|x86.Build.0 = Release|Any CPU
		{77C1A6F4-383B-4EC5-B2E9-1230EAABE1E7}.Release|x86.Deploy.0 = Release|Any CPU
		{D322A2DF-BCB6-4F3A-90D3-8E7B9AA50FCB}.Ad-Hoc|Any CPU.ActiveCfg = Ad-Hoc|iPhone
		{D322A2DF-BCB6-4F3A-90D3-8E7B9AA50FCB}.Ad-Hoc|ARM.ActiveCfg = Ad-Hoc|iPhone
		{D322A2DF-BCB6-4F3A-90D3-8E7B9AA50FCB}.Ad-Hoc|iPhone.ActiveCfg = Ad-Hoc|iPhone
		{D322A2DF-BCB6-4F3A-90D3-8E7B9AA50FCB}.Ad-Hoc|iPhone.Build.0 = Ad-Hoc|iPhone
		{D322A2DF-BCB6-4F3A-90D3-8E7B9AA50FCB}.Ad-Hoc|iPhoneSimulator.ActiveCfg = Ad-Hoc|iPhoneSimulator
		{D322A2DF-BCB6-4F3A-90D3-8E7B9AA50FCB}.Ad-Hoc|iPhoneSimulator.Build.0 = Ad-Hoc|iPhoneSimulator
		{D322A2DF-BCB6-4F3A-90D3-8E7B9AA50FCB}.Ad-Hoc|x64.ActiveCfg = Ad-Hoc|iPhone
		{D322A2DF-BCB6-4F3A-90D3-8E7B9AA50FCB}.Ad-Hoc|x86.ActiveCfg = Ad-Hoc|iPhone
		{D322A2DF-BCB6-4F3A-90D3-8E7B9AA50FCB}.AppStore|Any CPU.ActiveCfg = AppStore|iPhone
		{D322A2DF-BCB6-4F3A-90D3-8E7B9AA50FCB}.AppStore|ARM.ActiveCfg = AppStore|iPhone
		{D322A2DF-BCB6-4F3A-90D3-8E7B9AA50FCB}.AppStore|iPhone.ActiveCfg = AppStore|iPhone
		{D322A2DF-BCB6-4F3A-90D3-8E7B9AA50FCB}.AppStore|iPhone.Build.0 = AppStore|iPhone
		{D322A2DF-BCB6-4F3A-90D3-8E7B9AA50FCB}.AppStore|iPhoneSimulator.ActiveCfg = AppStore|iPhoneSimulator
		{D322A2DF-BCB6-4F3A-90D3-8E7B9AA50FCB}.AppStore|iPhoneSimulator.Build.0 = AppStore|iPhoneSimulator
		{D322A2DF-BCB6-4F3A-90D3-8E7B9AA50FCB}.AppStore|x64.ActiveCfg = AppStore|iPhone
		{D322A2DF-BCB6-4F3A-90D3-8E7B9AA50FCB}.AppStore|x86.ActiveCfg = AppStore|iPhone
		{D322A2DF-BCB6-4F3A-90D3-8E7B9AA50FCB}.Debug|Any CPU.ActiveCfg = Debug|iPhone
		{D322A2DF-BCB6-4F3A-90D3-8E7B9AA50FCB}.Debug|ARM.ActiveCfg = Debug|iPhone
		{D322A2DF-BCB6-4F3A-90D3-8E7B9AA50FCB}.Debug|iPhone.ActiveCfg = Debug|iPhone
		{D322A2DF-BCB6-4F3A-90D3-8E7B9AA50FCB}.Debug|iPhone.Build.0 = Debug|iPhone
		{D322A2DF-BCB6-4F3A-90D3-8E7B9AA50FCB}.Debug|iPhoneSimulator.ActiveCfg = Debug|iPhoneSimulator
		{D322A2DF-BCB6-4F3A-90D3-8E7B9AA50FCB}.Debug|iPhoneSimulator.Build.0 = Debug|iPhoneSimulator
		{D322A2DF-BCB6-4F3A-90D3-8E7B9AA50FCB}.Debug|x64.ActiveCfg = Debug|iPhone
		{D322A2DF-BCB6-4F3A-90D3-8E7B9AA50FCB}.Debug|x86.ActiveCfg = Debug|iPhone
		{D322A2DF-BCB6-4F3A-90D3-8E7B9AA50FCB}.Release|Any CPU.ActiveCfg = Release|iPhone
		{D322A2DF-BCB6-4F3A-90D3-8E7B9AA50FCB}.Release|ARM.ActiveCfg = Release|iPhone
		{D322A2DF-BCB6-4F3A-90D3-8E7B9AA50FCB}.Release|iPhone.ActiveCfg = Release|iPhone
		{D322A2DF-BCB6-4F3A-90D3-8E7B9AA50FCB}.Release|iPhone.Build.0 = Release|iPhone
		{D322A2DF-BCB6-4F3A-90D3-8E7B9AA50FCB}.Release|iPhoneSimulator.ActiveCfg = Release|iPhoneSimulator
		{D322A2DF-BCB6-4F3A-90D3-8E7B9AA50FCB}.Release|iPhoneSimulator.Build.0 = Release|iPhoneSimulator
		{D322A2DF-BCB6-4F3A-90D3-8E7B9AA50FCB}.Release|x64.ActiveCfg = Release|iPhone
		{D322A2DF-BCB6-4F3A-90D3-8E7B9AA50FCB}.Release|x86.ActiveCfg = Release|iPhone
		{48C19D9E-85F3-4680-A7F2-A6B50ED4ADED}.Ad-Hoc|Any CPU.ActiveCfg = Release|Any CPU
		{48C19D9E-85F3-4680-A7F2-A6B50ED4ADED}.Ad-Hoc|Any CPU.Build.0 = Release|Any CPU
		{48C19D9E-85F3-4680-A7F2-A6B50ED4ADED}.Ad-Hoc|Any CPU.Deploy.0 = Release|Any CPU
		{48C19D9E-85F3-4680-A7F2-A6B50ED4ADED}.Ad-Hoc|ARM.ActiveCfg = Release|ARM
		{48C19D9E-85F3-4680-A7F2-A6B50ED4ADED}.Ad-Hoc|ARM.Build.0 = Release|ARM
		{48C19D9E-85F3-4680-A7F2-A6B50ED4ADED}.Ad-Hoc|ARM.Deploy.0 = Release|ARM
		{48C19D9E-85F3-4680-A7F2-A6B50ED4ADED}.Ad-Hoc|iPhone.ActiveCfg = Release|Any CPU
		{48C19D9E-85F3-4680-A7F2-A6B50ED4ADED}.Ad-Hoc|iPhone.Build.0 = Release|Any CPU
		{48C19D9E-85F3-4680-A7F2-A6B50ED4ADED}.Ad-Hoc|iPhone.Deploy.0 = Release|Any CPU
		{48C19D9E-85F3-4680-A7F2-A6B50ED4ADED}.Ad-Hoc|iPhoneSimulator.ActiveCfg = Release|Any CPU
		{48C19D9E-85F3-4680-A7F2-A6B50ED4ADED}.Ad-Hoc|iPhoneSimulator.Build.0 = Release|Any CPU
		{48C19D9E-85F3-4680-A7F2-A6B50ED4ADED}.Ad-Hoc|iPhoneSimulator.Deploy.0 = Release|Any CPU
		{48C19D9E-85F3-4680-A7F2-A6B50ED4ADED}.Ad-Hoc|x64.ActiveCfg = Release|Any CPU
		{48C19D9E-85F3-4680-A7F2-A6B50ED4ADED}.Ad-Hoc|x64.Build.0 = Release|Any CPU
		{48C19D9E-85F3-4680-A7F2-A6B50ED4ADED}.Ad-Hoc|x64.Deploy.0 = Release|Any CPU
		{48C19D9E-85F3-4680-A7F2-A6B50ED4ADED}.Ad-Hoc|x86.ActiveCfg = Release|x86
		{48C19D9E-85F3-4680-A7F2-A6B50ED4ADED}.Ad-Hoc|x86.Build.0 = Release|x86
		{48C19D9E-85F3-4680-A7F2-A6B50ED4ADED}.Ad-Hoc|x86.Deploy.0 = Release|x86
		{48C19D9E-85F3-4680-A7F2-A6B50ED4ADED}.AppStore|Any CPU.ActiveCfg = Release|Any CPU
		{48C19D9E-85F3-4680-A7F2-A6B50ED4ADED}.AppStore|Any CPU.Build.0 = Release|Any CPU
		{48C19D9E-85F3-4680-A7F2-A6B50ED4ADED}.AppStore|Any CPU.Deploy.0 = Release|Any CPU
		{48C19D9E-85F3-4680-A7F2-A6B50ED4ADED}.AppStore|ARM.ActiveCfg = Release|ARM
		{48C19D9E-85F3-4680-A7F2-A6B50ED4ADED}.AppStore|ARM.Build.0 = Release|ARM
		{48C19D9E-85F3-4680-A7F2-A6B50ED4ADED}.AppStore|ARM.Deploy.0 = Release|ARM
		{48C19D9E-85F3-4680-A7F2-A6B50ED4ADED}.AppStore|iPhone.ActiveCfg = Release|Any CPU
		{48C19D9E-85F3-4680-A7F2-A6B50ED4ADED}.AppStore|iPhone.Build.0 = Release|Any CPU
		{48C19D9E-85F3-4680-A7F2-A6B50ED4ADED}.AppStore|iPhone.Deploy.0 = Release|Any CPU
		{48C19D9E-85F3-4680-A7F2-A6B50ED4ADED}.AppStore|iPhoneSimulator.ActiveCfg = Release|Any CPU
		{48C19D9E-85F3-4680-A7F2-A6B50ED4ADED}.AppStore|iPhoneSimulator.Build.0 = Release|Any CPU
		{48C19D9E-85F3-4680-A7F2-A6B50ED4ADED}.AppStore|iPhoneSimulator.Deploy.0 = Release|Any CPU
		{48C19D9E-85F3-4680-A7F2-A6B50ED4ADED}.AppStore|x64.ActiveCfg = Release|Any CPU
		{48C19D9E-85F3-4680-A7F2-A6B50ED4ADED}.AppStore|x64.Build.0 = Release|Any CPU
		{48C19D9E-85F3-4680-A7F2-A6B50ED4ADED}.AppStore|x64.Deploy.0 = Release|Any CPU
		{48C19D9E-85F3-4680-A7F2-A6B50ED4ADED}.AppStore|x86.ActiveCfg = Release|x86
		{48C19D9E-85F3-4680-A7F2-A6B50ED4ADED}.AppStore|x86.Build.0 = Release|x86
		{48C19D9E-85F3-4680-A7F2-A6B50ED4ADED}.AppStore|x86.Deploy.0 = Release|x86
		{48C19D9E-85F3-4680-A7F2-A6B50ED4ADED}.Debug|Any CPU.ActiveCfg = Debug|Any CPU
		{48C19D9E-85F3-4680-A7F2-A6B50ED4ADED}.Debug|Any CPU.Build.0 = Debug|Any CPU
		{48C19D9E-85F3-4680-A7F2-A6B50ED4ADED}.Debug|Any CPU.Deploy.0 = Debug|Any CPU
		{48C19D9E-85F3-4680-A7F2-A6B50ED4ADED}.Debug|ARM.ActiveCfg = Debug|ARM
		{48C19D9E-85F3-4680-A7F2-A6B50ED4ADED}.Debug|ARM.Build.0 = Debug|ARM
		{48C19D9E-85F3-4680-A7F2-A6B50ED4ADED}.Debug|ARM.Deploy.0 = Debug|ARM
		{48C19D9E-85F3-4680-A7F2-A6B50ED4ADED}.Debug|iPhone.ActiveCfg = Debug|Any CPU
		{48C19D9E-85F3-4680-A7F2-A6B50ED4ADED}.Debug|iPhone.Build.0 = Debug|Any CPU
		{48C19D9E-85F3-4680-A7F2-A6B50ED4ADED}.Debug|iPhone.Deploy.0 = Debug|Any CPU
		{48C19D9E-85F3-4680-A7F2-A6B50ED4ADED}.Debug|iPhoneSimulator.ActiveCfg = Debug|Any CPU
		{48C19D9E-85F3-4680-A7F2-A6B50ED4ADED}.Debug|iPhoneSimulator.Build.0 = Debug|Any CPU
		{48C19D9E-85F3-4680-A7F2-A6B50ED4ADED}.Debug|iPhoneSimulator.Deploy.0 = Debug|Any CPU
		{48C19D9E-85F3-4680-A7F2-A6B50ED4ADED}.Debug|x64.ActiveCfg = Debug|Any CPU
		{48C19D9E-85F3-4680-A7F2-A6B50ED4ADED}.Debug|x64.Build.0 = Debug|Any CPU
		{48C19D9E-85F3-4680-A7F2-A6B50ED4ADED}.Debug|x64.Deploy.0 = Debug|Any CPU
		{48C19D9E-85F3-4680-A7F2-A6B50ED4ADED}.Debug|x86.ActiveCfg = Debug|x86
		{48C19D9E-85F3-4680-A7F2-A6B50ED4ADED}.Debug|x86.Build.0 = Debug|x86
		{48C19D9E-85F3-4680-A7F2-A6B50ED4ADED}.Debug|x86.Deploy.0 = Debug|x86
		{48C19D9E-85F3-4680-A7F2-A6B50ED4ADED}.Release|Any CPU.ActiveCfg = Release|Any CPU
		{48C19D9E-85F3-4680-A7F2-A6B50ED4ADED}.Release|Any CPU.Build.0 = Release|Any CPU
		{48C19D9E-85F3-4680-A7F2-A6B50ED4ADED}.Release|Any CPU.Deploy.0 = Release|Any CPU
		{48C19D9E-85F3-4680-A7F2-A6B50ED4ADED}.Release|ARM.ActiveCfg = Release|ARM
		{48C19D9E-85F3-4680-A7F2-A6B50ED4ADED}.Release|ARM.Build.0 = Release|ARM
		{48C19D9E-85F3-4680-A7F2-A6B50ED4ADED}.Release|ARM.Deploy.0 = Release|ARM
		{48C19D9E-85F3-4680-A7F2-A6B50ED4ADED}.Release|iPhone.ActiveCfg = Release|Any CPU
		{48C19D9E-85F3-4680-A7F2-A6B50ED4ADED}.Release|iPhone.Build.0 = Release|Any CPU
		{48C19D9E-85F3-4680-A7F2-A6B50ED4ADED}.Release|iPhone.Deploy.0 = Release|Any CPU
		{48C19D9E-85F3-4680-A7F2-A6B50ED4ADED}.Release|iPhoneSimulator.ActiveCfg = Release|Any CPU
		{48C19D9E-85F3-4680-A7F2-A6B50ED4ADED}.Release|iPhoneSimulator.Build.0 = Release|Any CPU
		{48C19D9E-85F3-4680-A7F2-A6B50ED4ADED}.Release|iPhoneSimulator.Deploy.0 = Release|Any CPU
		{48C19D9E-85F3-4680-A7F2-A6B50ED4ADED}.Release|x64.ActiveCfg = Release|Any CPU
		{48C19D9E-85F3-4680-A7F2-A6B50ED4ADED}.Release|x64.Build.0 = Release|Any CPU
		{48C19D9E-85F3-4680-A7F2-A6B50ED4ADED}.Release|x64.Deploy.0 = Release|Any CPU
		{48C19D9E-85F3-4680-A7F2-A6B50ED4ADED}.Release|x86.ActiveCfg = Release|x86
		{48C19D9E-85F3-4680-A7F2-A6B50ED4ADED}.Release|x86.Build.0 = Release|x86
		{48C19D9E-85F3-4680-A7F2-A6B50ED4ADED}.Release|x86.Deploy.0 = Release|x86
		{4B5A146F-D48E-44AF-8406-D2B5C649B570}.Ad-Hoc|Any CPU.ActiveCfg = Release|Any CPU
		{4B5A146F-D48E-44AF-8406-D2B5C649B570}.Ad-Hoc|Any CPU.Build.0 = Release|Any CPU
		{4B5A146F-D48E-44AF-8406-D2B5C649B570}.Ad-Hoc|ARM.ActiveCfg = Release|Any CPU
		{4B5A146F-D48E-44AF-8406-D2B5C649B570}.Ad-Hoc|ARM.Build.0 = Release|Any CPU
		{4B5A146F-D48E-44AF-8406-D2B5C649B570}.Ad-Hoc|iPhone.ActiveCfg = Release|Any CPU
		{4B5A146F-D48E-44AF-8406-D2B5C649B570}.Ad-Hoc|iPhone.Build.0 = Release|Any CPU
		{4B5A146F-D48E-44AF-8406-D2B5C649B570}.Ad-Hoc|iPhoneSimulator.ActiveCfg = Release|Any CPU
		{4B5A146F-D48E-44AF-8406-D2B5C649B570}.Ad-Hoc|iPhoneSimulator.Build.0 = Release|Any CPU
		{4B5A146F-D48E-44AF-8406-D2B5C649B570}.Ad-Hoc|x64.ActiveCfg = Release|Any CPU
		{4B5A146F-D48E-44AF-8406-D2B5C649B570}.Ad-Hoc|x64.Build.0 = Release|Any CPU
		{4B5A146F-D48E-44AF-8406-D2B5C649B570}.Ad-Hoc|x86.ActiveCfg = Release|Any CPU
		{4B5A146F-D48E-44AF-8406-D2B5C649B570}.Ad-Hoc|x86.Build.0 = Release|Any CPU
		{4B5A146F-D48E-44AF-8406-D2B5C649B570}.AppStore|Any CPU.ActiveCfg = Release|Any CPU
		{4B5A146F-D48E-44AF-8406-D2B5C649B570}.AppStore|Any CPU.Build.0 = Release|Any CPU
		{4B5A146F-D48E-44AF-8406-D2B5C649B570}.AppStore|ARM.ActiveCfg = Release|Any CPU
		{4B5A146F-D48E-44AF-8406-D2B5C649B570}.AppStore|ARM.Build.0 = Release|Any CPU
		{4B5A146F-D48E-44AF-8406-D2B5C649B570}.AppStore|iPhone.ActiveCfg = Release|Any CPU
		{4B5A146F-D48E-44AF-8406-D2B5C649B570}.AppStore|iPhone.Build.0 = Release|Any CPU
		{4B5A146F-D48E-44AF-8406-D2B5C649B570}.AppStore|iPhoneSimulator.ActiveCfg = Release|Any CPU
		{4B5A146F-D48E-44AF-8406-D2B5C649B570}.AppStore|iPhoneSimulator.Build.0 = Release|Any CPU
		{4B5A146F-D48E-44AF-8406-D2B5C649B570}.AppStore|x64.ActiveCfg = Release|Any CPU
		{4B5A146F-D48E-44AF-8406-D2B5C649B570}.AppStore|x64.Build.0 = Release|Any CPU
		{4B5A146F-D48E-44AF-8406-D2B5C649B570}.AppStore|x86.ActiveCfg = Release|Any CPU
		{4B5A146F-D48E-44AF-8406-D2B5C649B570}.AppStore|x86.Build.0 = Release|Any CPU
		{4B5A146F-D48E-44AF-8406-D2B5C649B570}.Debug|Any CPU.ActiveCfg = Debug|Any CPU
		{4B5A146F-D48E-44AF-8406-D2B5C649B570}.Debug|Any CPU.Build.0 = Debug|Any CPU
		{4B5A146F-D48E-44AF-8406-D2B5C649B570}.Debug|ARM.ActiveCfg = Debug|Any CPU
		{4B5A146F-D48E-44AF-8406-D2B5C649B570}.Debug|ARM.Build.0 = Debug|Any CPU
		{4B5A146F-D48E-44AF-8406-D2B5C649B570}.Debug|iPhone.ActiveCfg = Debug|Any CPU
		{4B5A146F-D48E-44AF-8406-D2B5C649B570}.Debug|iPhone.Build.0 = Debug|Any CPU
		{4B5A146F-D48E-44AF-8406-D2B5C649B570}.Debug|iPhoneSimulator.ActiveCfg = Debug|Any CPU
		{4B5A146F-D48E-44AF-8406-D2B5C649B570}.Debug|iPhoneSimulator.Build.0 = Debug|Any CPU
		{4B5A146F-D48E-44AF-8406-D2B5C649B570}.Debug|x64.ActiveCfg = Debug|Any CPU
		{4B5A146F-D48E-44AF-8406-D2B5C649B570}.Debug|x64.Build.0 = Debug|Any CPU
		{4B5A146F-D48E-44AF-8406-D2B5C649B570}.Debug|x86.ActiveCfg = Debug|Any CPU
		{4B5A146F-D48E-44AF-8406-D2B5C649B570}.Debug|x86.Build.0 = Debug|Any CPU
		{4B5A146F-D48E-44AF-8406-D2B5C649B570}.Release|Any CPU.ActiveCfg = Release|Any CPU
		{4B5A146F-D48E-44AF-8406-D2B5C649B570}.Release|Any CPU.Build.0 = Release|Any CPU
		{4B5A146F-D48E-44AF-8406-D2B5C649B570}.Release|ARM.ActiveCfg = Release|Any CPU
		{4B5A146F-D48E-44AF-8406-D2B5C649B570}.Release|ARM.Build.0 = Release|Any CPU
		{4B5A146F-D48E-44AF-8406-D2B5C649B570}.Release|iPhone.ActiveCfg = Release|Any CPU
		{4B5A146F-D48E-44AF-8406-D2B5C649B570}.Release|iPhone.Build.0 = Release|Any CPU
		{4B5A146F-D48E-44AF-8406-D2B5C649B570}.Release|iPhoneSimulator.ActiveCfg = Release|Any CPU
		{4B5A146F-D48E-44AF-8406-D2B5C649B570}.Release|iPhoneSimulator.Build.0 = Release|Any CPU
		{4B5A146F-D48E-44AF-8406-D2B5C649B570}.Release|x64.ActiveCfg = Release|Any CPU
		{4B5A146F-D48E-44AF-8406-D2B5C649B570}.Release|x64.Build.0 = Release|Any CPU
		{4B5A146F-D48E-44AF-8406-D2B5C649B570}.Release|x86.ActiveCfg = Release|Any CPU
		{4B5A146F-D48E-44AF-8406-D2B5C649B570}.Release|x86.Build.0 = Release|Any CPU
	EndGlobalSection
	GlobalSection(SolutionProperties) = preSolution
		HideSolutionNode = FALSE
	EndGlobalSection
EndGlobal
